
Microsoft Visual Studio Solution File, Format Version 12.00
# Visual Studio Express 14 for Web
VisualStudioVersion = 14.0.25420.1
MinimumVisualStudioVersion = 10.0.40219.1
Project("{FAE04EC0-301F-11D3-BF4B-00C04F79EFBC}") = "Api", "Api\Api.csproj", "{B3041268-45DA-4C87-839C-007BA8D8226E}"
EndProject
Global
	GlobalSection(SolutionConfigurationPlatforms) = preSolution
		Debug|Any CPU = Debug|Any CPU
		Release|Any CPU = Release|Any CPU
	EndGlobalSection
	GlobalSection(ProjectConfigurationPlatforms) = postSolution
		{B3041268-45DA-4C87-839C-007BA8D8226E}.Debug|Any CPU.ActiveCfg = Debug|Any CPU
		{B3041268-45DA-4C87-839C-007BA8D8226E}.Debug|Any CPU.Build.0 = Debug|Any CPU
		{B3041268-45DA-4C87-839C-007BA8D8226E}.Release|Any CPU.ActiveCfg = Release|Any CPU
		{B3041268-45DA-4C87-839C-007BA8D8226E}.Release|Any CPU.Build.0 = Release|Any CPU
	EndGlobalSection
	GlobalSection(SolutionProperties) = preSolution
		HideSolutionNode = FALSE
	EndGlobalSection
EndGlobal
